
Microsoft Visual Studio Solution File, Format Version 12.00
# Visual Studio 15
VisualStudioVersion = 15.0.27703.2042
MinimumVisualStudioVersion = 10.0.40219.1
Project("{FAE04EC0-301F-11D3-BF4B-00C04F79EFBC}") = "SudokuSolverNET", "SudokuSolverNET\SudokuSolverNET.csproj", "{959164BA-F92A-49CE-857E-13A098446A23}"
EndProject
Project("{FAE04EC0-301F-11D3-BF4B-00C04F79EFBC}") = "SudokuSolverTests", "SudokuSolverTests\SudokuSolverTests.csproj", "{DD8374E7-30D4-4F16-B951-279C12B1C50D}"
EndProject
Global
	GlobalSection(SolutionConfigurationPlatforms) = preSolution
		Debug|Any CPU = Debug|Any CPU
		Release|Any CPU = Release|Any CPU
	EndGlobalSection
	GlobalSection(ProjectConfigurationPlatforms) = postSolution
		{959164BA-F92A-49CE-857E-13A098446A23}.Debug|Any CPU.ActiveCfg = Debug|Any CPU
		{959164BA-F92A-49CE-857E-13A098446A23}.Debug|Any CPU.Build.0 = Debug|Any CPU
		{959164BA-F92A-49CE-857E-13A098446A23}.Release|Any CPU.ActiveCfg = Release|Any CPU
		{959164BA-F92A-49CE-857E-13A098446A23}.Release|Any CPU.Build.0 = Release|Any CPU
		{DD8374E7-30D4-4F16-B951-279C12B1C50D}.Debug|Any CPU.ActiveCfg = Debug|Any CPU
		{DD8374E7-30D4-4F16-B951-279C12B1C50D}.Debug|Any CPU.Build.0 = Debug|Any CPU
		{DD8374E7-30D4-4F16-B951-279C12B1C50D}.Release|Any CPU.ActiveCfg = Release|Any CPU
		{DD8374E7-30D4-4F16-B951-279C12B1C50D}.Release|Any CPU.Build.0 = Release|Any CPU
	EndGlobalSection
	GlobalSection(SolutionProperties) = preSolution
		HideSolutionNode = FALSE
	EndGlobalSection
	GlobalSection(ExtensibilityGlobals) = postSolution
		SolutionGuid = {E97C412C-41FE-4D37-B720-9439BAEC4543}
	EndGlobalSection
EndGlobal
